// !$*UTF8*$!
{
	archiveVersion = 1;
	classes = {
	};
	objectVersion = 55;
	objects = {

/* Begin PBXBuildFile section */
		3CF9C6D927F863A200A81AE8 /* AppDelegate.swift in Sources */ = {isa = PBXBuildFile; fileRef = 3CF9C6D827F863A200A81AE8 /* AppDelegate.swift */; };
		3CF9C6DB27F863A200A81AE8 /* GameScene1.sks in Resources */ = {isa = PBXBuildFile; fileRef = 3CF9C6DA27F863A200A81AE8 /* GameScene1.sks */; };
		3CF9C6DF27F863A200A81AE8 /* GameScene1.swift in Sources */ = {isa = PBXBuildFile; fileRef = 3CF9C6DE27F863A200A81AE8 /* GameScene1.swift */; };
		3CF9C6E127F863A200A81AE8 /* GameViewController.swift in Sources */ = {isa = PBXBuildFile; fileRef = 3CF9C6E027F863A200A81AE8 /* GameViewController.swift */; };
		3CF9C6E427F863A200A81AE8 /* Main.storyboard in Resources */ = {isa = PBXBuildFile; fileRef = 3CF9C6E227F863A200A81AE8 /* Main.storyboard */; };
		3CF9C6E627F863A300A81AE8 /* Assets.xcassets in Resources */ = {isa = PBXBuildFile; fileRef = 3CF9C6E527F863A300A81AE8 /* Assets.xcassets */; };
		3CF9C6E927F863A300A81AE8 /* LaunchScreen.storyboard in Resources */ = {isa = PBXBuildFile; fileRef = 3CF9C6E727F863A300A81AE8 /* LaunchScreen.storyboard */; };
		3CF9C6F027F8657D00A81AE8 /* MainMenu.sks in Resources */ = {isa = PBXBuildFile; fileRef = 3CF9C6EF27F8657D00A81AE8 /* MainMenu.sks */; };
		3CF9C6F227F8659900A81AE8 /* GameSceneAI.sks in Resources */ = {isa = PBXBuildFile; fileRef = 3CF9C6F127F8659900A81AE8 /* GameSceneAI.sks */; };
		3CF9C6F427F8662900A81AE8 /* GameMenu.sks in Resources */ = {isa = PBXBuildFile; fileRef = 3CF9C6F327F8662900A81AE8 /* GameMenu.sks */; };
		3CF9C6F627F8664000A81AE8 /* SettingsMenu.sks in Resources */ = {isa = PBXBuildFile; fileRef = 3CF9C6F527F8664000A81AE8 /* SettingsMenu.sks */; };
		3CF9C6F827F8666600A81AE8 /* gameContStructures.swift in Sources */ = {isa = PBXBuildFile; fileRef = 3CF9C6F727F8666600A81AE8 /* gameContStructures.swift */; };
		3CF9C6FA27F8669C00A81AE8 /* GameMenu.swift in Sources */ = {isa = PBXBuildFile; fileRef = 3CF9C6F927F8669C00A81AE8 /* GameMenu.swift */; };
		3CF9C6FC27F866B800A81AE8 /* MainMenu.swift in Sources */ = {isa = PBXBuildFile; fileRef = 3CF9C6FB27F866B800A81AE8 /* MainMenu.swift */; };
		3CF9C6FE27F866E500A81AE8 /* SettingsMenu.swift in Sources */ = {isa = PBXBuildFile; fileRef = 3CF9C6FD27F866E500A81AE8 /* SettingsMenu.swift */; };
		3CF9C70027F8671300A81AE8 /* GameSceneAI.swift in Sources */ = {isa = PBXBuildFile; fileRef = 3CF9C6FF27F8671300A81AE8 /* GameSceneAI.swift */; };
		3CF9C70427F869D700A81AE8 /* Starfield.sks in Resources */ = {isa = PBXBuildFile; fileRef = 3CF9C70327F869D700A81AE8 /* Starfield.sks */; };
		3CF9C70627F87DF000A81AE8 /* logo.jpeg in Resources */ = {isa = PBXBuildFile; fileRef = 3CF9C70527F87DF000A81AE8 /* logo.jpeg */; };
		3CF9C70827F8EBC300A81AE8 /* GameOver.swift in Sources */ = {isa = PBXBuildFile; fileRef = 3CF9C70727F8EBC300A81AE8 /* GameOver.swift */; };
		3CF9C70A27F8EBD500A81AE8 /* GameOver.sks in Resources */ = {isa = PBXBuildFile; fileRef = 3CF9C70927F8EBD500A81AE8 /* GameOver.sks */; };
		3CF9C71127F932B000A81AE8 /* swoosh2.caf in Resources */ = {isa = PBXBuildFile; fileRef = 3CF9C71027F932B000A81AE8 /* swoosh2.caf */; };
		3CF9C71327F932B900A81AE8 /* launch.caf in Resources */ = {isa = PBXBuildFile; fileRef = 3CF9C71227F932B900A81AE8 /* launch.caf */; };
		3CF9C71527F934FE00A81AE8 /* music.mp3 in Resources */ = {isa = PBXBuildFile; fileRef = 3CF9C71427F934FE00A81AE8 /* music.mp3 */; };
		A8AEB96F27F88851005C74E2 /* leaderboard.json in Resources */ = {isa = PBXBuildFile; fileRef = A8AEB96E27F88851005C74E2 /* leaderboard.json */; };
		A8AEB97227F89F96005C74E2 /* LeaderboardRow.swift in Sources */ = {isa = PBXBuildFile; fileRef = A8AEB97127F89F96005C74E2 /* LeaderboardRow.swift */; };
		A8AEB97427F8A142005C74E2 /* Winner.swift in Sources */ = {isa = PBXBuildFile; fileRef = A8AEB97327F8A142005C74E2 /* Winner.swift */; };
		A8AEB97627F8A7E1005C74E2 /* WinnerData.swift in Sources */ = {isa = PBXBuildFile; fileRef = A8AEB97527F8A7E1005C74E2 /* WinnerData.swift */; };
		A8AEB98127F8B6FC005C74E2 /* pretzel123@2x.jpeg in Resources */ = {isa = PBXBuildFile; fileRef = A8AEB97F27F8B6FB005C74E2 /* pretzel123@2x.jpeg */; };
		A8AEB98227F8B6FC005C74E2 /* cheat@2x.jpeg in Resources */ = {isa = PBXBuildFile; fileRef = A8AEB98027F8B6FC005C74E2 /* cheat@2x.jpeg */; };
		A8AEB98527F8B721005C74E2 /* tomathy@2x.heic in Resources */ = {isa = PBXBuildFile; fileRef = A8AEB98327F8B720005C74E2 /* tomathy@2x.heic */; };
		A8AEB98627F8B721005C74E2 /* abi@2x.jpeg in Resources */ = {isa = PBXBuildFile; fileRef = A8AEB98427F8B720005C74E2 /* abi@2x.jpeg */; };
		A8AEB98827F8BDEA005C74E2 /* CircleView.swift in Sources */ = {isa = PBXBuildFile; fileRef = A8AEB98727F8BDEA005C74E2 /* CircleView.swift */; };
		A8AEB98A27F8E7AE005C74E2 /* LeaderboardList.swift in Sources */ = {isa = PBXBuildFile; fileRef = A8AEB98927F8E7AE005C74E2 /* LeaderboardList.swift */; };
		A8AEB9AA27F93CD2005C74E2 /* 12.png in Resources */ = {isa = PBXBuildFile; fileRef = A8AEB98C27F93CC1005C74E2 /* 12.png */; };
		A8AEB9AB27F93CD2005C74E2 /* 24.png in Resources */ = {isa = PBXBuildFile; fileRef = A8AEB98D27F93CC2005C74E2 /* 24.png */; };
		A8AEB9AC27F93CD2005C74E2 /* 3.png in Resources */ = {isa = PBXBuildFile; fileRef = A8AEB98E27F93CC2005C74E2 /* 3.png */; };
		A8AEB9AD27F93CD2005C74E2 /* 17.png in Resources */ = {isa = PBXBuildFile; fileRef = A8AEB98F27F93CC3005C74E2 /* 17.png */; };
		A8AEB9AE27F93CD2005C74E2 /* 30.png in Resources */ = {isa = PBXBuildFile; fileRef = A8AEB99027F93CC4005C74E2 /* 30.png */; };
		A8AEB9AF27F93CD2005C74E2 /* 7.png in Resources */ = {isa = PBXBuildFile; fileRef = A8AEB99127F93CC4005C74E2 /* 7.png */; };
		A8AEB9B027F93CD2005C74E2 /* 19.png in Resources */ = {isa = PBXBuildFile; fileRef = A8AEB99227F93CC5005C74E2 /* 19.png */; };
		A8AEB9B127F93CD2005C74E2 /* 29.png in Resources */ = {isa = PBXBuildFile; fileRef = A8AEB99327F93CC5005C74E2 /* 29.png */; };
		A8AEB9B227F93CD2005C74E2 /* 14.png in Resources */ = {isa = PBXBuildFile; fileRef = A8AEB99427F93CC6005C74E2 /* 14.png */; };
		A8AEB9B327F93CD2005C74E2 /* 8.png in Resources */ = {isa = PBXBuildFile; fileRef = A8AEB99527F93CC7005C74E2 /* 8.png */; };
		A8AEB9B427F93CD2005C74E2 /* 22.png in Resources */ = {isa = PBXBuildFile; fileRef = A8AEB99627F93CC7005C74E2 /* 22.png */; };
		A8AEB9B527F93CD2005C74E2 /* 27.png in Resources */ = {isa = PBXBuildFile; fileRef = A8AEB99727F93CC8005C74E2 /* 27.png */; };
		A8AEB9B627F93CD2005C74E2 /* 21.png in Resources */ = {isa = PBXBuildFile; fileRef = A8AEB99827F93CC8005C74E2 /* 21.png */; };
		A8AEB9B727F93CD2005C74E2 /* 18.png in Resources */ = {isa = PBXBuildFile; fileRef = A8AEB99927F93CC9005C74E2 /* 18.png */; };
		A8AEB9B827F93CD2005C74E2 /* 28.png in Resources */ = {isa = PBXBuildFile; fileRef = A8AEB99A27F93CCA005C74E2 /* 28.png */; };
		A8AEB9B927F93CD2005C74E2 /* 11.png in Resources */ = {isa = PBXBuildFile; fileRef = A8AEB99B27F93CCA005C74E2 /* 11.png */; };
		A8AEB9BA27F93CD2005C74E2 /* 23.png in Resources */ = {isa = PBXBuildFile; fileRef = A8AEB99C27F93CCA005C74E2 /* 23.png */; };
		A8AEB9BB27F93CD2005C74E2 /* 9.png in Resources */ = {isa = PBXBuildFile; fileRef = A8AEB99D27F93CCB005C74E2 /* 9.png */; };
		A8AEB9BC27F93CD2005C74E2 /* 16.png in Resources */ = {isa = PBXBuildFile; fileRef = A8AEB99E27F93CCC005C74E2 /* 16.png */; };
		A8AEB9BE27F93CD2005C74E2 /* 15.png in Resources */ = {isa = PBXBuildFile; fileRef = A8AEB9A027F93CCD005C74E2 /* 15.png */; };
		A8AEB9BF27F93CD2005C74E2 /* 2.png in Resources */ = {isa = PBXBuildFile; fileRef = A8AEB9A127F93CCE005C74E2 /* 2.png */; };
		A8AEB9C027F93CD2005C74E2 /* 4.png in Resources */ = {isa = PBXBuildFile; fileRef = A8AEB9A227F93CCE005C74E2 /* 4.png */; };
		A8AEB9C127F93CD2005C74E2 /* 20.png in Resources */ = {isa = PBXBuildFile; fileRef = A8AEB9A327F93CCF005C74E2 /* 20.png */; };
		A8AEB9C227F93CD2005C74E2 /* 10.png in Resources */ = {isa = PBXBuildFile; fileRef = A8AEB9A427F93CCF005C74E2 /* 10.png */; };
		A8AEB9C327F93CD2005C74E2 /* 5.png in Resources */ = {isa = PBXBuildFile; fileRef = A8AEB9A527F93CD0005C74E2 /* 5.png */; };
		A8AEB9C427F93CD3005C74E2 /* 6.png in Resources */ = {isa = PBXBuildFile; fileRef = A8AEB9A627F93CD1005C74E2 /* 6.png */; };
		A8AEB9C527F93CD3005C74E2 /* 13.png in Resources */ = {isa = PBXBuildFile; fileRef = A8AEB9A727F93CD1005C74E2 /* 13.png */; };
		A8AEB9C627F93CD3005C74E2 /* 1.png in Resources */ = {isa = PBXBuildFile; fileRef = A8AEB9A827F93CD2005C74E2 /* 1.png */; };
		A8AEB9C727F93CD3005C74E2 /* 26.png in Resources */ = {isa = PBXBuildFile; fileRef = A8AEB9A927F93CD2005C74E2 /* 26.png */; };
		A8AEB9E327F945CC005C74E2 /* 56.png in Resources */ = {isa = PBXBuildFile; fileRef = A8AEB9C827F945C0005C74E2 /* 56.png */; };
		A8AEB9E427F945CC005C74E2 /* 54.png in Resources */ = {isa = PBXBuildFile; fileRef = A8AEB9C927F945C0005C74E2 /* 54.png */; };
		A8AEB9E527F945CC005C74E2 /* 32.png in Resources */ = {isa = PBXBuildFile; fileRef = A8AEB9CA27F945C1005C74E2 /* 32.png */; };
		A8AEB9E627F945CC005C74E2 /* 50.png in Resources */ = {isa = PBXBuildFile; fileRef = A8AEB9CB27F945C1005C74E2 /* 50.png */; };
		A8AEB9E727F945CC005C74E2 /* 57.png in Resources */ = {isa = PBXBuildFile; fileRef = A8AEB9CC27F945C2005C74E2 /* 57.png */; };
		A8AEB9E827F945CC005C74E2 /* 49.png in Resources */ = {isa = PBXBuildFile; fileRef = A8AEB9CD27F945C2005C74E2 /* 49.png */; };
		A8AEB9E927F945CC005C74E2 /* 37.png in Resources */ = {isa = PBXBuildFile; fileRef = A8AEB9CE27F945C3005C74E2 /* 37.png */; };
		A8AEB9EA27F945CC005C74E2 /* 33.png in Resources */ = {isa = PBXBuildFile; fileRef = A8AEB9CF27F945C3005C74E2 /* 33.png */; };
		A8AEB9EB27F945CC005C74E2 /* 47.png in Resources */ = {isa = PBXBuildFile; fileRef = A8AEB9D027F945C4005C74E2 /* 47.png */; };
		A8AEB9EC27F945CC005C74E2 /* 34.png in Resources */ = {isa = PBXBuildFile; fileRef = A8AEB9D127F945C4005C74E2 /* 34.png */; };
		A8AEB9ED27F945CC005C74E2 /* 43.png in Resources */ = {isa = PBXBuildFile; fileRef = A8AEB9D227F945C4005C74E2 /* 43.png */; };
		A8AEB9EE27F945CC005C74E2 /* 42.png in Resources */ = {isa = PBXBuildFile; fileRef = A8AEB9D327F945C5005C74E2 /* 42.png */; };
		A8AEB9EF27F945CC005C74E2 /* 44.png in Resources */ = {isa = PBXBuildFile; fileRef = A8AEB9D427F945C5005C74E2 /* 44.png */; };
		A8AEB9F027F945CC005C74E2 /* 39.png in Resources */ = {isa = PBXBuildFile; fileRef = A8AEB9D527F945C6005C74E2 /* 39.png */; };
		A8AEB9F127F945CC005C74E2 /* 45.png in Resources */ = {isa = PBXBuildFile; fileRef = A8AEB9D627F945C6005C74E2 /* 45.png */; };
		A8AEB9F227F945CC005C74E2 /* 38.png in Resources */ = {isa = PBXBuildFile; fileRef = A8AEB9D727F945C7005C74E2 /* 38.png */; };
		A8AEB9F327F945CC005C74E2 /* 40.png in Resources */ = {isa = PBXBuildFile; fileRef = A8AEB9D827F945C7005C74E2 /* 40.png */; };
		A8AEB9F427F945CC005C74E2 /* 53.png in Resources */ = {isa = PBXBuildFile; fileRef = A8AEB9D927F945C7005C74E2 /* 53.png */; };
		A8AEB9F527F945CC005C74E2 /* 51.png in Resources */ = {isa = PBXBuildFile; fileRef = A8AEB9DA27F945C8005C74E2 /* 51.png */; };
		A8AEB9F627F945CC005C74E2 /* 41.png in Resources */ = {isa = PBXBuildFile; fileRef = A8AEB9DB27F945C8005C74E2 /* 41.png */; };
		A8AEB9F727F945CC005C74E2 /* 36.png in Resources */ = {isa = PBXBuildFile; fileRef = A8AEB9DC27F945C8005C74E2 /* 36.png */; };
		A8AEB9F827F945CC005C74E2 /* 31.png in Resources */ = {isa = PBXBuildFile; fileRef = A8AEB9DD27F945C9005C74E2 /* 31.png */; };
		A8AEB9F927F945CC005C74E2 /* 52.png in Resources */ = {isa = PBXBuildFile; fileRef = A8AEB9DE27F945CA005C74E2 /* 52.png */; };
		A8AEB9FA27F945CC005C74E2 /* 46.png in Resources */ = {isa = PBXBuildFile; fileRef = A8AEB9DF27F945CA005C74E2 /* 46.png */; };
		A8AEB9FB27F945CC005C74E2 /* 55.png in Resources */ = {isa = PBXBuildFile; fileRef = A8AEB9E027F945CB005C74E2 /* 55.png */; };
		A8AEB9FC27F945CC005C74E2 /* 48.png in Resources */ = {isa = PBXBuildFile; fileRef = A8AEB9E127F945CB005C74E2 /* 48.png */; };
		A8AEB9FD27F945CC005C74E2 /* 35.png in Resources */ = {isa = PBXBuildFile; fileRef = A8AEB9E227F945CC005C74E2 /* 35.png */; };
		A8AEB9FF27F95359005C74E2 /* 25.png in Resources */ = {isa = PBXBuildFile; fileRef = A8AEB9FE27F95359005C74E2 /* 25.png */; };
/* End PBXBuildFile section */

/* Begin PBXFileReference section */
		3CF9C6D527F863A200A81AE8 /* Mattble.app */ = {isa = PBXFileReference; explicitFileType = wrapper.application; includeInIndex = 0; path = Mattble.app; sourceTree = BUILT_PRODUCTS_DIR; };
		3CF9C6D827F863A200A81AE8 /* AppDelegate.swift */ = {isa = PBXFileReference; lastKnownFileType = sourcecode.swift; path = AppDelegate.swift; sourceTree = "<group>"; };
		3CF9C6DA27F863A200A81AE8 /* GameScene1.sks */ = {isa = PBXFileReference; lastKnownFileType = file.sks; path = GameScene1.sks; sourceTree = "<group>"; };
		3CF9C6DE27F863A200A81AE8 /* GameScene1.swift */ = {isa = PBXFileReference; lastKnownFileType = sourcecode.swift; path = GameScene1.swift; sourceTree = "<group>"; };
		3CF9C6E027F863A200A81AE8 /* GameViewController.swift */ = {isa = PBXFileReference; lastKnownFileType = sourcecode.swift; path = GameViewController.swift; sourceTree = "<group>"; };
		3CF9C6E327F863A200A81AE8 /* Base */ = {isa = PBXFileReference; lastKnownFileType = file.storyboard; name = Base; path = Base.lproj/Main.storyboard; sourceTree = "<group>"; };
		3CF9C6E527F863A300A81AE8 /* Assets.xcassets */ = {isa = PBXFileReference; lastKnownFileType = folder.assetcatalog; path = Assets.xcassets; sourceTree = "<group>"; };
		3CF9C6E827F863A300A81AE8 /* Base */ = {isa = PBXFileReference; lastKnownFileType = file.storyboard; name = Base; path = Base.lproj/LaunchScreen.storyboard; sourceTree = "<group>"; };
		3CF9C6EF27F8657D00A81AE8 /* MainMenu.sks */ = {isa = PBXFileReference; lastKnownFileType = file.sks; path = MainMenu.sks; sourceTree = "<group>"; };
		3CF9C6F127F8659900A81AE8 /* GameSceneAI.sks */ = {isa = PBXFileReference; lastKnownFileType = file.sks; path = GameSceneAI.sks; sourceTree = "<group>"; };
		3CF9C6F327F8662900A81AE8 /* GameMenu.sks */ = {isa = PBXFileReference; lastKnownFileType = file.sks; path = GameMenu.sks; sourceTree = "<group>"; };
		3CF9C6F527F8664000A81AE8 /* SettingsMenu.sks */ = {isa = PBXFileReference; lastKnownFileType = file.sks; path = SettingsMenu.sks; sourceTree = "<group>"; };
		3CF9C6F727F8666600A81AE8 /* gameContStructures.swift */ = {isa = PBXFileReference; lastKnownFileType = sourcecode.swift; path = gameContStructures.swift; sourceTree = "<group>"; };
		3CF9C6F927F8669C00A81AE8 /* GameMenu.swift */ = {isa = PBXFileReference; lastKnownFileType = sourcecode.swift; path = GameMenu.swift; sourceTree = "<group>"; };
		3CF9C6FB27F866B800A81AE8 /* MainMenu.swift */ = {isa = PBXFileReference; lastKnownFileType = sourcecode.swift; path = MainMenu.swift; sourceTree = "<group>"; };
		3CF9C6FD27F866E500A81AE8 /* SettingsMenu.swift */ = {isa = PBXFileReference; lastKnownFileType = sourcecode.swift; path = SettingsMenu.swift; sourceTree = "<group>"; };
		3CF9C6FF27F8671300A81AE8 /* GameSceneAI.swift */ = {isa = PBXFileReference; lastKnownFileType = sourcecode.swift; path = GameSceneAI.swift; sourceTree = "<group>"; };
		3CF9C70327F869D700A81AE8 /* Starfield.sks */ = {isa = PBXFileReference; lastKnownFileType = file.sks; path = Starfield.sks; sourceTree = "<group>"; };
		3CF9C70527F87DF000A81AE8 /* logo.jpeg */ = {isa = PBXFileReference; lastKnownFileType = image.jpeg; path = logo.jpeg; sourceTree = "<group>"; };
		3CF9C70727F8EBC300A81AE8 /* GameOver.swift */ = {isa = PBXFileReference; lastKnownFileType = sourcecode.swift; path = GameOver.swift; sourceTree = "<group>"; };
		3CF9C70927F8EBD500A81AE8 /* GameOver.sks */ = {isa = PBXFileReference; lastKnownFileType = file.sks; path = GameOver.sks; sourceTree = "<group>"; };
		3CF9C71027F932B000A81AE8 /* swoosh2.caf */ = {isa = PBXFileReference; lastKnownFileType = file; path = swoosh2.caf; sourceTree = "<group>"; };
		3CF9C71227F932B900A81AE8 /* launch.caf */ = {isa = PBXFileReference; lastKnownFileType = file; path = launch.caf; sourceTree = "<group>"; };
		3CF9C71427F934FE00A81AE8 /* music.mp3 */ = {isa = PBXFileReference; lastKnownFileType = audio.mp3; path = music.mp3; sourceTree = "<group>"; };
		A8AEB96E27F88851005C74E2 /* leaderboard.json */ = {isa = PBXFileReference; fileEncoding = 4; lastKnownFileType = text.json; path = leaderboard.json; sourceTree = "<group>"; };
		A8AEB97127F89F96005C74E2 /* LeaderboardRow.swift */ = {isa = PBXFileReference; lastKnownFileType = sourcecode.swift; path = LeaderboardRow.swift; sourceTree = "<group>"; };
		A8AEB97327F8A142005C74E2 /* Winner.swift */ = {isa = PBXFileReference; lastKnownFileType = sourcecode.swift; path = Winner.swift; sourceTree = "<group>"; };
		A8AEB97527F8A7E1005C74E2 /* WinnerData.swift */ = {isa = PBXFileReference; lastKnownFileType = sourcecode.swift; path = WinnerData.swift; sourceTree = "<group>"; };
		A8AEB97F27F8B6FB005C74E2 /* pretzel123@2x.jpeg */ = {isa = PBXFileReference; lastKnownFileType = image.jpeg; path = "pretzel123@2x.jpeg"; sourceTree = "<group>"; };
		A8AEB98027F8B6FC005C74E2 /* cheat@2x.jpeg */ = {isa = PBXFileReference; lastKnownFileType = image.jpeg; path = "cheat@2x.jpeg"; sourceTree = "<group>"; };
		A8AEB98327F8B720005C74E2 /* tomathy@2x.heic */ = {isa = PBXFileReference; lastKnownFileType = file; path = "tomathy@2x.heic"; sourceTree = "<group>"; };
		A8AEB98427F8B720005C74E2 /* abi@2x.jpeg */ = {isa = PBXFileReference; lastKnownFileType = image.jpeg; path = "abi@2x.jpeg"; sourceTree = "<group>"; };
		A8AEB98727F8BDEA005C74E2 /* CircleView.swift */ = {isa = PBXFileReference; lastKnownFileType = sourcecode.swift; path = CircleView.swift; sourceTree = "<group>"; };
		A8AEB98927F8E7AE005C74E2 /* LeaderboardList.swift */ = {isa = PBXFileReference; lastKnownFileType = sourcecode.swift; path = LeaderboardList.swift; sourceTree = "<group>"; };
		A8AEB98C27F93CC1005C74E2 /* 12.png */ = {isa = PBXFileReference; lastKnownFileType = image.png; path = 12.png; sourceTree = "<group>"; };
		A8AEB98D27F93CC2005C74E2 /* 24.png */ = {isa = PBXFileReference; lastKnownFileType = image.png; path = 24.png; sourceTree = "<group>"; };
		A8AEB98E27F93CC2005C74E2 /* 3.png */ = {isa = PBXFileReference; lastKnownFileType = image.png; path = 3.png; sourceTree = "<group>"; };
		A8AEB98F27F93CC3005C74E2 /* 17.png */ = {isa = PBXFileReference; lastKnownFileType = image.png; path = 17.png; sourceTree = "<group>"; };
		A8AEB99027F93CC4005C74E2 /* 30.png */ = {isa = PBXFileReference; lastKnownFileType = image.png; path = 30.png; sourceTree = "<group>"; };
		A8AEB99127F93CC4005C74E2 /* 7.png */ = {isa = PBXFileReference; lastKnownFileType = image.png; path = 7.png; sourceTree = "<group>"; };
		A8AEB99227F93CC5005C74E2 /* 19.png */ = {isa = PBXFileReference; lastKnownFileType = image.png; path = 19.png; sourceTree = "<group>"; };
		A8AEB99327F93CC5005C74E2 /* 29.png */ = {isa = PBXFileReference; lastKnownFileType = image.png; path = 29.png; sourceTree = "<group>"; };
		A8AEB99427F93CC6005C74E2 /* 14.png */ = {isa = PBXFileReference; lastKnownFileType = image.png; path = 14.png; sourceTree = "<group>"; };
		A8AEB99527F93CC7005C74E2 /* 8.png */ = {isa = PBXFileReference; lastKnownFileType = image.png; path = 8.png; sourceTree = "<group>"; };
		A8AEB99627F93CC7005C74E2 /* 22.png */ = {isa = PBXFileReference; lastKnownFileType = image.png; path = 22.png; sourceTree = "<group>"; };
		A8AEB99727F93CC8005C74E2 /* 27.png */ = {isa = PBXFileReference; lastKnownFileType = image.png; path = 27.png; sourceTree = "<group>"; };
		A8AEB99827F93CC8005C74E2 /* 21.png */ = {isa = PBXFileReference; lastKnownFileType = image.png; path = 21.png; sourceTree = "<group>"; };
		A8AEB99927F93CC9005C74E2 /* 18.png */ = {isa = PBXFileReference; lastKnownFileType = image.png; path = 18.png; sourceTree = "<group>"; };
		A8AEB99A27F93CCA005C74E2 /* 28.png */ = {isa = PBXFileReference; lastKnownFileType = image.png; path = 28.png; sourceTree = "<group>"; };
		A8AEB99B27F93CCA005C74E2 /* 11.png */ = {isa = PBXFileReference; lastKnownFileType = image.png; path = 11.png; sourceTree = "<group>"; };
		A8AEB99C27F93CCA005C74E2 /* 23.png */ = {isa = PBXFileReference; lastKnownFileType = image.png; path = 23.png; sourceTree = "<group>"; };
		A8AEB99D27F93CCB005C74E2 /* 9.png */ = {isa = PBXFileReference; lastKnownFileType = image.png; path = 9.png; sourceTree = "<group>"; };
		A8AEB99E27F93CCC005C74E2 /* 16.png */ = {isa = PBXFileReference; lastKnownFileType = image.png; path = 16.png; sourceTree = "<group>"; };
		A8AEB9A027F93CCD005C74E2 /* 15.png */ = {isa = PBXFileReference; lastKnownFileType = image.png; path = 15.png; sourceTree = "<group>"; };
		A8AEB9A127F93CCE005C74E2 /* 2.png */ = {isa = PBXFileReference; lastKnownFileType = image.png; path = 2.png; sourceTree = "<group>"; };
		A8AEB9A227F93CCE005C74E2 /* 4.png */ = {isa = PBXFileReference; lastKnownFileType = image.png; path = 4.png; sourceTree = "<group>"; };
		A8AEB9A327F93CCF005C74E2 /* 20.png */ = {isa = PBXFileReference; lastKnownFileType = image.png; path = 20.png; sourceTree = "<group>"; };
		A8AEB9A427F93CCF005C74E2 /* 10.png */ = {isa = PBXFileReference; lastKnownFileType = image.png; path = 10.png; sourceTree = "<group>"; };
		A8AEB9A527F93CD0005C74E2 /* 5.png */ = {isa = PBXFileReference; lastKnownFileType = image.png; path = 5.png; sourceTree = "<group>"; };
		A8AEB9A627F93CD1005C74E2 /* 6.png */ = {isa = PBXFileReference; lastKnownFileType = image.png; path = 6.png; sourceTree = "<group>"; };
		A8AEB9A727F93CD1005C74E2 /* 13.png */ = {isa = PBXFileReference; lastKnownFileType = image.png; path = 13.png; sourceTree = "<group>"; };
		A8AEB9A827F93CD2005C74E2 /* 1.png */ = {isa = PBXFileReference; lastKnownFileType = image.png; path = 1.png; sourceTree = "<group>"; };
		A8AEB9A927F93CD2005C74E2 /* 26.png */ = {isa = PBXFileReference; lastKnownFileType = image.png; path = 26.png; sourceTree = "<group>"; };
		A8AEB9C827F945C0005C74E2 /* 56.png */ = {isa = PBXFileReference; lastKnownFileType = image.png; path = 56.png; sourceTree = "<group>"; };
		A8AEB9C927F945C0005C74E2 /* 54.png */ = {isa = PBXFileReference; lastKnownFileType = image.png; path = 54.png; sourceTree = "<group>"; };
		A8AEB9CA27F945C1005C74E2 /* 32.png */ = {isa = PBXFileReference; lastKnownFileType = image.png; path = 32.png; sourceTree = "<group>"; };
		A8AEB9CB27F945C1005C74E2 /* 50.png */ = {isa = PBXFileReference; lastKnownFileType = image.png; path = 50.png; sourceTree = "<group>"; };
		A8AEB9CC27F945C2005C74E2 /* 57.png */ = {isa = PBXFileReference; lastKnownFileType = image.png; path = 57.png; sourceTree = "<group>"; };
		A8AEB9CD27F945C2005C74E2 /* 49.png */ = {isa = PBXFileReference; lastKnownFileType = image.png; path = 49.png; sourceTree = "<group>"; };
		A8AEB9CE27F945C3005C74E2 /* 37.png */ = {isa = PBXFileReference; lastKnownFileType = image.png; path = 37.png; sourceTree = "<group>"; };
		A8AEB9CF27F945C3005C74E2 /* 33.png */ = {isa = PBXFileReference; lastKnownFileType = image.png; path = 33.png; sourceTree = "<group>"; };
		A8AEB9D027F945C4005C74E2 /* 47.png */ = {isa = PBXFileReference; lastKnownFileType = image.png; path = 47.png; sourceTree = "<group>"; };
		A8AEB9D127F945C4005C74E2 /* 34.png */ = {isa = PBXFileReference; lastKnownFileType = image.png; path = 34.png; sourceTree = "<group>"; };
		A8AEB9D227F945C4005C74E2 /* 43.png */ = {isa = PBXFileReference; lastKnownFileType = image.png; path = 43.png; sourceTree = "<group>"; };
		A8AEB9D327F945C5005C74E2 /* 42.png */ = {isa = PBXFileReference; lastKnownFileType = image.png; path = 42.png; sourceTree = "<group>"; };
		A8AEB9D427F945C5005C74E2 /* 44.png */ = {isa = PBXFileReference; lastKnownFileType = image.png; path = 44.png; sourceTree = "<group>"; };
		A8AEB9D527F945C6005C74E2 /* 39.png */ = {isa = PBXFileReference; lastKnownFileType = image.png; path = 39.png; sourceTree = "<group>"; };
		A8AEB9D627F945C6005C74E2 /* 45.png */ = {isa = PBXFileReference; lastKnownFileType = image.png; path = 45.png; sourceTree = "<group>"; };
		A8AEB9D727F945C7005C74E2 /* 38.png */ = {isa = PBXFileReference; lastKnownFileType = image.png; path = 38.png; sourceTree = "<group>"; };
		A8AEB9D827F945C7005C74E2 /* 40.png */ = {isa = PBXFileReference; lastKnownFileType = image.png; path = 40.png; sourceTree = "<group>"; };
		A8AEB9D927F945C7005C74E2 /* 53.png */ = {isa = PBXFileReference; lastKnownFileType = image.png; path = 53.png; sourceTree = "<group>"; };
		A8AEB9DA27F945C8005C74E2 /* 51.png */ = {isa = PBXFileReference; lastKnownFileType = image.png; path = 51.png; sourceTree = "<group>"; };
		A8AEB9DB27F945C8005C74E2 /* 41.png */ = {isa = PBXFileReference; lastKnownFileType = image.png; path = 41.png; sourceTree = "<group>"; };
		A8AEB9DC27F945C8005C74E2 /* 36.png */ = {isa = PBXFileReference; lastKnownFileType = image.png; path = 36.png; sourceTree = "<group>"; };
		A8AEB9DD27F945C9005C74E2 /* 31.png */ = {isa = PBXFileReference; lastKnownFileType = image.png; path = 31.png; sourceTree = "<group>"; };
		A8AEB9DE27F945CA005C74E2 /* 52.png */ = {isa = PBXFileReference; lastKnownFileType = image.png; path = 52.png; sourceTree = "<group>"; };
		A8AEB9DF27F945CA005C74E2 /* 46.png */ = {isa = PBXFileReference; lastKnownFileType = image.png; path = 46.png; sourceTree = "<group>"; };
		A8AEB9E027F945CB005C74E2 /* 55.png */ = {isa = PBXFileReference; lastKnownFileType = image.png; path = 55.png; sourceTree = "<group>"; };
		A8AEB9E127F945CB005C74E2 /* 48.png */ = {isa = PBXFileReference; lastKnownFileType = image.png; path = 48.png; sourceTree = "<group>"; };
		A8AEB9E227F945CC005C74E2 /* 35.png */ = {isa = PBXFileReference; lastKnownFileType = image.png; path = 35.png; sourceTree = "<group>"; };
		A8AEB9FE27F95359005C74E2 /* 25.png */ = {isa = PBXFileReference; lastKnownFileType = image.png; path = 25.png; sourceTree = "<group>"; };
/* End PBXFileReference section */

/* Begin PBXFrameworksBuildPhase section */
		3CF9C6D227F863A200A81AE8 /* Frameworks */ = {
			isa = PBXFrameworksBuildPhase;
			buildActionMask = 2147483647;
			files = (
			);
			runOnlyForDeploymentPostprocessing = 0;
		};
/* End PBXFrameworksBuildPhase section */

/* Begin PBXGroup section */
		3CF9C6CC27F863A200A81AE8 = {
			isa = PBXGroup;
			children = (
				3CF9C6D727F863A200A81AE8 /* Mattble */,
				3CF9C6D627F863A200A81AE8 /* Products */,
			);
			sourceTree = "<group>";
		};
		3CF9C6D627F863A200A81AE8 /* Products */ = {
			isa = PBXGroup;
			children = (
				3CF9C6D527F863A200A81AE8 /* Mattble.app */,
			);
			name = Products;
			sourceTree = "<group>";
		};
		3CF9C6D727F863A200A81AE8 /* Mattble */ = {
			isa = PBXGroup;
			children = (
				3CF9C6D827F863A200A81AE8 /* AppDelegate.swift */,
				3CF9C6EF27F8657D00A81AE8 /* MainMenu.sks */,
				3CF9C6FB27F866B800A81AE8 /* MainMenu.swift */,
				3CF9C6F327F8662900A81AE8 /* GameMenu.sks */,
				3CF9C6F927F8669C00A81AE8 /* GameMenu.swift */,
				3CF9C6F527F8664000A81AE8 /* SettingsMenu.sks */,
				3CF9C6FD27F866E500A81AE8 /* SettingsMenu.swift */,
				3CF9C6DA27F863A200A81AE8 /* GameScene1.sks */,
				3CF9C6DE27F863A200A81AE8 /* GameScene1.swift */,
				3CF9C6F127F8659900A81AE8 /* GameSceneAI.sks */,
				3CF9C6FF27F8671300A81AE8 /* GameSceneAI.swift */,
				3CF9C70927F8EBD500A81AE8 /* GameOver.sks */,
				3CF9C70727F8EBC300A81AE8 /* GameOver.swift */,
				3CF9C6F727F8666600A81AE8 /* gameContStructures.swift */,
				3CF9C6E027F863A200A81AE8 /* GameViewController.swift */,
				3CF9C71427F934FE00A81AE8 /* music.mp3 */,
				3CF9C71027F932B000A81AE8 /* swoosh2.caf */,
				3CF9C71227F932B900A81AE8 /* launch.caf */,
				3CF9C6E227F863A200A81AE8 /* Main.storyboard */,
				3CF9C6E527F863A300A81AE8 /* Assets.xcassets */,
				3CF9C70527F87DF000A81AE8 /* logo.jpeg */,
				3CF9C6E727F863A300A81AE8 /* LaunchScreen.storyboard */,
				3CF9C70327F869D700A81AE8 /* Starfield.sks */,
				A8AEB97027F89EF9005C74E2 /* NotGame */,
				A8AEB96D27F887A8005C74E2 /* Resources */,
			);
			path = Mattble;
			sourceTree = "<group>";
		};
		A8AEB96D27F887A8005C74E2 /* Resources */ = {
			isa = PBXGroup;
			children = (
				A8AEB98B27F93C7E005C74E2 /* Logos */,
				A8AEB96E27F88851005C74E2 /* leaderboard.json */,
				A8AEB98327F8B720005C74E2 /* tomathy@2x.heic */,
				A8AEB98427F8B720005C74E2 /* abi@2x.jpeg */,
				A8AEB98027F8B6FC005C74E2 /* cheat@2x.jpeg */,
				A8AEB97F27F8B6FB005C74E2 /* pretzel123@2x.jpeg */,
			);
			path = Resources;
			sourceTree = "<group>";
		};
		A8AEB97027F89EF9005C74E2 /* NotGame */ = {
			isa = PBXGroup;
			children = (
				A8AEB97127F89F96005C74E2 /* LeaderboardRow.swift */,
				A8AEB98927F8E7AE005C74E2 /* LeaderboardList.swift */,
				A8AEB98727F8BDEA005C74E2 /* CircleView.swift */,
				A8AEB97327F8A142005C74E2 /* Winner.swift */,
				A8AEB97527F8A7E1005C74E2 /* WinnerData.swift */,
			);
			path = NotGame;
			sourceTree = "<group>";
		};
		A8AEB98B27F93C7E005C74E2 /* Logos */ = {
			isa = PBXGroup;
			children = (
				A8AEB9FE27F95359005C74E2 /* 25.png */,
				A8AEB9DD27F945C9005C74E2 /* 31.png */,
				A8AEB9CA27F945C1005C74E2 /* 32.png */,
				A8AEB9CF27F945C3005C74E2 /* 33.png */,
				A8AEB9D127F945C4005C74E2 /* 34.png */,
				A8AEB9E227F945CC005C74E2 /* 35.png */,
				A8AEB9DC27F945C8005C74E2 /* 36.png */,
				A8AEB9CE27F945C3005C74E2 /* 37.png */,
				A8AEB9D727F945C7005C74E2 /* 38.png */,
				A8AEB9D527F945C6005C74E2 /* 39.png */,
				A8AEB9D827F945C7005C74E2 /* 40.png */,
				A8AEB9DB27F945C8005C74E2 /* 41.png */,
				A8AEB9D327F945C5005C74E2 /* 42.png */,
				A8AEB9D227F945C4005C74E2 /* 43.png */,
				A8AEB9D427F945C5005C74E2 /* 44.png */,
				A8AEB9D627F945C6005C74E2 /* 45.png */,
				A8AEB9DF27F945CA005C74E2 /* 46.png */,
				A8AEB9D027F945C4005C74E2 /* 47.png */,
				A8AEB9E127F945CB005C74E2 /* 48.png */,
				A8AEB9CD27F945C2005C74E2 /* 49.png */,
				A8AEB9CB27F945C1005C74E2 /* 50.png */,
				A8AEB9DA27F945C8005C74E2 /* 51.png */,
				A8AEB9DE27F945CA005C74E2 /* 52.png */,
				A8AEB9D927F945C7005C74E2 /* 53.png */,
				A8AEB9C927F945C0005C74E2 /* 54.png */,
				A8AEB9E027F945CB005C74E2 /* 55.png */,
				A8AEB9C827F945C0005C74E2 /* 56.png */,
				A8AEB9CC27F945C2005C74E2 /* 57.png */,
				A8AEB9A827F93CD2005C74E2 /* 1.png */,
				A8AEB9A127F93CCE005C74E2 /* 2.png */,
				A8AEB98E27F93CC2005C74E2 /* 3.png */,
				A8AEB9A227F93CCE005C74E2 /* 4.png */,
				A8AEB9A527F93CD0005C74E2 /* 5.png */,
				A8AEB9A627F93CD1005C74E2 /* 6.png */,
				A8AEB99127F93CC4005C74E2 /* 7.png */,
				A8AEB99527F93CC7005C74E2 /* 8.png */,
				A8AEB99D27F93CCB005C74E2 /* 9.png */,
				A8AEB9A427F93CCF005C74E2 /* 10.png */,
				A8AEB99B27F93CCA005C74E2 /* 11.png */,
				A8AEB98C27F93CC1005C74E2 /* 12.png */,
				A8AEB9A727F93CD1005C74E2 /* 13.png */,
				A8AEB99427F93CC6005C74E2 /* 14.png */,
				A8AEB9A027F93CCD005C74E2 /* 15.png */,
				A8AEB99E27F93CCC005C74E2 /* 16.png */,
				A8AEB98F27F93CC3005C74E2 /* 17.png */,
				A8AEB99927F93CC9005C74E2 /* 18.png */,
				A8AEB99227F93CC5005C74E2 /* 19.png */,
				A8AEB9A327F93CCF005C74E2 /* 20.png */,
				A8AEB99827F93CC8005C74E2 /* 21.png */,
				A8AEB99627F93CC7005C74E2 /* 22.png */,
				A8AEB99C27F93CCA005C74E2 /* 23.png */,
				A8AEB98D27F93CC2005C74E2 /* 24.png */,
				A8AEB9A927F93CD2005C74E2 /* 26.png */,
				A8AEB99727F93CC8005C74E2 /* 27.png */,
				A8AEB99A27F93CCA005C74E2 /* 28.png */,
				A8AEB99327F93CC5005C74E2 /* 29.png */,
				A8AEB99027F93CC4005C74E2 /* 30.png */,
			);
			path = Logos;
			sourceTree = "<group>";
		};
/* End PBXGroup section */

/* Begin PBXNativeTarget section */
		3CF9C6D427F863A200A81AE8 /* Mattble */ = {
			isa = PBXNativeTarget;
			buildConfigurationList = 3CF9C6EC27F863A300A81AE8 /* Build configuration list for PBXNativeTarget "Mattble" */;
			buildPhases = (
				3CF9C6D127F863A200A81AE8 /* Sources */,
				3CF9C6D227F863A200A81AE8 /* Frameworks */,
				3CF9C6D327F863A200A81AE8 /* Resources */,
			);
			buildRules = (
			);
			dependencies = (
			);
			name = Mattble;
			productName = Mattble;
			productReference = 3CF9C6D527F863A200A81AE8 /* Mattble.app */;
			productType = "com.apple.product-type.application";
		};
/* End PBXNativeTarget section */

/* Begin PBXProject section */
		3CF9C6CD27F863A200A81AE8 /* Project object */ = {
			isa = PBXProject;
			attributes = {
				BuildIndependentTargetsInParallel = 1;
				LastSwiftUpdateCheck = 1330;
				LastUpgradeCheck = 1330;
				TargetAttributes = {
					3CF9C6D427F863A200A81AE8 = {
						CreatedOnToolsVersion = 13.3;
					};
				};
			};
			buildConfigurationList = 3CF9C6D027F863A200A81AE8 /* Build configuration list for PBXProject "Mattble" */;
			compatibilityVersion = "Xcode 13.0";
			developmentRegion = en;
			hasScannedForEncodings = 0;
			knownRegions = (
				en,
				Base,
			);
			mainGroup = 3CF9C6CC27F863A200A81AE8;
			productRefGroup = 3CF9C6D627F863A200A81AE8 /* Products */;
			projectDirPath = "";
			projectRoot = "";
			targets = (
				3CF9C6D427F863A200A81AE8 /* Mattble */,
			);
		};
/* End PBXProject section */

/* Begin PBXResourcesBuildPhase section */
		3CF9C6D327F863A200A81AE8 /* Resources */ = {
			isa = PBXResourcesBuildPhase;
			buildActionMask = 2147483647;
			files = (
				A8AEB9F527F945CC005C74E2 /* 51.png in Resources */,
				A8AEB9E527F945CC005C74E2 /* 32.png in Resources */,
				A8AEB9EA27F945CC005C74E2 /* 33.png in Resources */,
				A8AEB9B727F93CD2005C74E2 /* 18.png in Resources */,
				3CF9C71127F932B000A81AE8 /* swoosh2.caf in Resources */,
				A8AEB98627F8B721005C74E2 /* abi@2x.jpeg in Resources */,
				A8AEB9E427F945CC005C74E2 /* 54.png in Resources */,
				A8AEB9ED27F945CC005C74E2 /* 43.png in Resources */,
				3CF9C70A27F8EBD500A81AE8 /* GameOver.sks in Resources */,
				A8AEB9C027F93CD2005C74E2 /* 4.png in Resources */,
				A8AEB96F27F88851005C74E2 /* leaderboard.json in Resources */,
				A8AEB9EC27F945CC005C74E2 /* 34.png in Resources */,
				A8AEB9C527F93CD3005C74E2 /* 13.png in Resources */,
				A8AEB9E927F945CC005C74E2 /* 37.png in Resources */,
				3CF9C6E427F863A200A81AE8 /* Main.storyboard in Resources */,
				A8AEB9FA27F945CC005C74E2 /* 46.png in Resources */,
				A8AEB9B027F93CD2005C74E2 /* 19.png in Resources */,
				A8AEB9C627F93CD3005C74E2 /* 1.png in Resources */,
				A8AEB9FB27F945CC005C74E2 /* 55.png in Resources */,
				3CF9C71527F934FE00A81AE8 /* music.mp3 in Resources */,
				A8AEB98127F8B6FC005C74E2 /* pretzel123@2x.jpeg in Resources */,
				A8AEB9B627F93CD2005C74E2 /* 21.png in Resources */,
				A8AEB9AD27F93CD2005C74E2 /* 17.png in Resources */,
				A8AEB9EE27F945CC005C74E2 /* 42.png in Resources */,
				A8AEB9BB27F93CD2005C74E2 /* 9.png in Resources */,
				A8AEB9C427F93CD3005C74E2 /* 6.png in Resources */,
				A8AEB9C727F93CD3005C74E2 /* 26.png in Resources */,
				A8AEB9AC27F93CD2005C74E2 /* 3.png in Resources */,
				A8AEB9C227F93CD2005C74E2 /* 10.png in Resources */,
				A8AEB9F027F945CC005C74E2 /* 39.png in Resources */,
				A8AEB9F327F945CC005C74E2 /* 40.png in Resources */,
				A8AEB9E627F945CC005C74E2 /* 50.png in Resources */,
				A8AEB9AB27F93CD2005C74E2 /* 24.png in Resources */,
				3CF9C6DB27F863A200A81AE8 /* GameScene1.sks in Resources */,
				A8AEB9B227F93CD2005C74E2 /* 14.png in Resources */,
				3CF9C71327F932B900A81AE8 /* launch.caf in Resources */,
				3CF9C6F027F8657D00A81AE8 /* MainMenu.sks in Resources */,
				A8AEB9BF27F93CD2005C74E2 /* 2.png in Resources */,
				A8AEB9F927F945CC005C74E2 /* 52.png in Resources */,
				A8AEB9FD27F945CC005C74E2 /* 35.png in Resources */,
				A8AEB9F727F945CC005C74E2 /* 36.png in Resources */,
				A8AEB9F427F945CC005C74E2 /* 53.png in Resources */,
				A8AEB9F127F945CC005C74E2 /* 45.png in Resources */,
				A8AEB9E827F945CC005C74E2 /* 49.png in Resources */,
				3CF9C6F427F8662900A81AE8 /* GameMenu.sks in Resources */,
				A8AEB9BA27F93CD2005C74E2 /* 23.png in Resources */,
				A8AEB9B127F93CD2005C74E2 /* 29.png in Resources */,
				A8AEB9B527F93CD2005C74E2 /* 27.png in Resources */,
				A8AEB9FC27F945CC005C74E2 /* 48.png in Resources */,
				A8AEB9F227F945CC005C74E2 /* 38.png in Resources */,
				A8AEB9AF27F93CD2005C74E2 /* 7.png in Resources */,
				3CF9C6E627F863A300A81AE8 /* Assets.xcassets in Resources */,
				A8AEB9E727F945CC005C74E2 /* 57.png in Resources */,
				A8AEB9BE27F93CD2005C74E2 /* 15.png in Resources */,
				A8AEB9B427F93CD2005C74E2 /* 22.png in Resources */,
				3CF9C6F627F8664000A81AE8 /* SettingsMenu.sks in Resources */,
				A8AEB9AE27F93CD2005C74E2 /* 30.png in Resources */,
				A8AEB9AA27F93CD2005C74E2 /* 12.png in Resources */,
				A8AEB9BC27F93CD2005C74E2 /* 16.png in Resources */,
				A8AEB98527F8B721005C74E2 /* tomathy@2x.heic in Resources */,
				A8AEB9F827F945CC005C74E2 /* 31.png in Resources */,
				A8AEB9F627F945CC005C74E2 /* 41.png in Resources */,
				3CF9C70627F87DF000A81AE8 /* logo.jpeg in Resources */,
				A8AEB9B827F93CD2005C74E2 /* 28.png in Resources */,
				A8AEB9EB27F945CC005C74E2 /* 47.png in Resources */,
				A8AEB9EF27F945CC005C74E2 /* 44.png in Resources */,
				3CF9C70427F869D700A81AE8 /* Starfield.sks in Resources */,
				A8AEB9B927F93CD2005C74E2 /* 11.png in Resources */,
				A8AEB9C127F93CD2005C74E2 /* 20.png in Resources */,
				A8AEB9B327F93CD2005C74E2 /* 8.png in Resources */,
				A8AEB9E327F945CC005C74E2 /* 56.png in Resources */,
				A8AEB98227F8B6FC005C74E2 /* cheat@2x.jpeg in Resources */,
				A8AEB9FF27F95359005C74E2 /* 25.png in Resources */,
				A8AEB9C327F93CD2005C74E2 /* 5.png in Resources */,
				3CF9C6F227F8659900A81AE8 /* GameSceneAI.sks in Resources */,
				3CF9C6E927F863A300A81AE8 /* LaunchScreen.storyboard in Resources */,
			);
			runOnlyForDeploymentPostprocessing = 0;
		};
/* End PBXResourcesBuildPhase section */

/* Begin PBXSourcesBuildPhase section */
		3CF9C6D127F863A200A81AE8 /* Sources */ = {
			isa = PBXSourcesBuildPhase;
			buildActionMask = 2147483647;
			files = (
				A8AEB98827F8BDEA005C74E2 /* CircleView.swift in Sources */,
				3CF9C6DF27F863A200A81AE8 /* GameScene1.swift in Sources */,
				A8AEB98A27F8E7AE005C74E2 /* LeaderboardList.swift in Sources */,
				3CF9C6FE27F866E500A81AE8 /* SettingsMenu.swift in Sources */,
				3CF9C70827F8EBC300A81AE8 /* GameOver.swift in Sources */,
				3CF9C6FC27F866B800A81AE8 /* MainMenu.swift in Sources */,
				3CF9C6FA27F8669C00A81AE8 /* GameMenu.swift in Sources */,
				A8AEB97627F8A7E1005C74E2 /* WinnerData.swift in Sources */,
				A8AEB97427F8A142005C74E2 /* Winner.swift in Sources */,
				3CF9C6F827F8666600A81AE8 /* gameContStructures.swift in Sources */,
				3CF9C6E127F863A200A81AE8 /* GameViewController.swift in Sources */,
				3CF9C70027F8671300A81AE8 /* GameSceneAI.swift in Sources */,
				3CF9C6D927F863A200A81AE8 /* AppDelegate.swift in Sources */,
				A8AEB97227F89F96005C74E2 /* LeaderboardRow.swift in Sources */,
			);
			runOnlyForDeploymentPostprocessing = 0;
		};
/* End PBXSourcesBuildPhase section */

/* Begin PBXVariantGroup section */
		3CF9C6E227F863A200A81AE8 /* Main.storyboard */ = {
			isa = PBXVariantGroup;
			children = (
				3CF9C6E327F863A200A81AE8 /* Base */,
			);
			name = Main.storyboard;
			sourceTree = "<group>";
		};
		3CF9C6E727F863A300A81AE8 /* LaunchScreen.storyboard */ = {
			isa = PBXVariantGroup;
			children = (
				3CF9C6E827F863A300A81AE8 /* Base */,
			);
			name = LaunchScreen.storyboard;
			sourceTree = "<group>";
		};
/* End PBXVariantGroup section */

/* Begin XCBuildConfiguration section */
		3CF9C6EA27F863A300A81AE8 /* Debug */ = {
			isa = XCBuildConfiguration;
			buildSettings = {
				ALWAYS_SEARCH_USER_PATHS = NO;
				CLANG_ANALYZER_NONNULL = YES;
				CLANG_ANALYZER_NUMBER_OBJECT_CONVERSION = YES_AGGRESSIVE;
				CLANG_CXX_LANGUAGE_STANDARD = "gnu++17";
				CLANG_ENABLE_MODULES = YES;
				CLANG_ENABLE_OBJC_ARC = YES;
				CLANG_ENABLE_OBJC_WEAK = YES;
				CLANG_WARN_BLOCK_CAPTURE_AUTORELEASING = YES;
				CLANG_WARN_BOOL_CONVERSION = YES;
				CLANG_WARN_COMMA = YES;
				CLANG_WARN_CONSTANT_CONVERSION = YES;
				CLANG_WARN_DEPRECATED_OBJC_IMPLEMENTATIONS = YES;
				CLANG_WARN_DIRECT_OBJC_ISA_USAGE = YES_ERROR;
				CLANG_WARN_DOCUMENTATION_COMMENTS = YES;
				CLANG_WARN_EMPTY_BODY = YES;
				CLANG_WARN_ENUM_CONVERSION = YES;
				CLANG_WARN_INFINITE_RECURSION = YES;
				CLANG_WARN_INT_CONVERSION = YES;
				CLANG_WARN_NON_LITERAL_NULL_CONVERSION = YES;
				CLANG_WARN_OBJC_IMPLICIT_RETAIN_SELF = YES;
				CLANG_WARN_OBJC_LITERAL_CONVERSION = YES;
				CLANG_WARN_OBJC_ROOT_CLASS = YES_ERROR;
				CLANG_WARN_QUOTED_INCLUDE_IN_FRAMEWORK_HEADER = YES;
				CLANG_WARN_RANGE_LOOP_ANALYSIS = YES;
				CLANG_WARN_STRICT_PROTOTYPES = YES;
				CLANG_WARN_SUSPICIOUS_MOVE = YES;
				CLANG_WARN_UNGUARDED_AVAILABILITY = YES_AGGRESSIVE;
				CLANG_WARN_UNREACHABLE_CODE = YES;
				CLANG_WARN__DUPLICATE_METHOD_MATCH = YES;
				COPY_PHASE_STRIP = NO;
				DEBUG_INFORMATION_FORMAT = dwarf;
				ENABLE_STRICT_OBJC_MSGSEND = YES;
				ENABLE_TESTABILITY = YES;
				GCC_C_LANGUAGE_STANDARD = gnu11;
				GCC_DYNAMIC_NO_PIC = NO;
				GCC_NO_COMMON_BLOCKS = YES;
				GCC_OPTIMIZATION_LEVEL = 0;
				GCC_PREPROCESSOR_DEFINITIONS = (
					"DEBUG=1",
					"$(inherited)",
				);
				GCC_WARN_64_TO_32_BIT_CONVERSION = YES;
				GCC_WARN_ABOUT_RETURN_TYPE = YES_ERROR;
				GCC_WARN_UNDECLARED_SELECTOR = YES;
				GCC_WARN_UNINITIALIZED_AUTOS = YES_AGGRESSIVE;
				GCC_WARN_UNUSED_FUNCTION = YES;
				GCC_WARN_UNUSED_VARIABLE = YES;
				IPHONEOS_DEPLOYMENT_TARGET = 15.4;
				MTL_ENABLE_DEBUG_INFO = INCLUDE_SOURCE;
				MTL_FAST_MATH = YES;
				ONLY_ACTIVE_ARCH = YES;
				SDKROOT = iphoneos;
				SWIFT_ACTIVE_COMPILATION_CONDITIONS = DEBUG;
				SWIFT_OPTIMIZATION_LEVEL = "-Onone";
			};
			name = Debug;
		};
		3CF9C6EB27F863A300A81AE8 /* Release */ = {
			isa = XCBuildConfiguration;
			buildSettings = {
				ALWAYS_SEARCH_USER_PATHS = NO;
				CLANG_ANALYZER_NONNULL = YES;
				CLANG_ANALYZER_NUMBER_OBJECT_CONVERSION = YES_AGGRESSIVE;
				CLANG_CXX_LANGUAGE_STANDARD = "gnu++17";
				CLANG_ENABLE_MODULES = YES;
				CLANG_ENABLE_OBJC_ARC = YES;
				CLANG_ENABLE_OBJC_WEAK = YES;
				CLANG_WARN_BLOCK_CAPTURE_AUTORELEASING = YES;
				CLANG_WARN_BOOL_CONVERSION = YES;
				CLANG_WARN_COMMA = YES;
				CLANG_WARN_CONSTANT_CONVERSION = YES;
				CLANG_WARN_DEPRECATED_OBJC_IMPLEMENTATIONS = YES;
				CLANG_WARN_DIRECT_OBJC_ISA_USAGE = YES_ERROR;
				CLANG_WARN_DOCUMENTATION_COMMENTS = YES;
				CLANG_WARN_EMPTY_BODY = YES;
				CLANG_WARN_ENUM_CONVERSION = YES;
				CLANG_WARN_INFINITE_RECURSION = YES;
				CLANG_WARN_INT_CONVERSION = YES;
				CLANG_WARN_NON_LITERAL_NULL_CONVERSION = YES;
				CLANG_WARN_OBJC_IMPLICIT_RETAIN_SELF = YES;
				CLANG_WARN_OBJC_LITERAL_CONVERSION = YES;
				CLANG_WARN_OBJC_ROOT_CLASS = YES_ERROR;
				CLANG_WARN_QUOTED_INCLUDE_IN_FRAMEWORK_HEADER = YES;
				CLANG_WARN_RANGE_LOOP_ANALYSIS = YES;
				CLANG_WARN_STRICT_PROTOTYPES = YES;
				CLANG_WARN_SUSPICIOUS_MOVE = YES;
				CLANG_WARN_UNGUARDED_AVAILABILITY = YES_AGGRESSIVE;
				CLANG_WARN_UNREACHABLE_CODE = YES;
				CLANG_WARN__DUPLICATE_METHOD_MATCH = YES;
				COPY_PHASE_STRIP = NO;
				DEBUG_INFORMATION_FORMAT = "dwarf-with-dsym";
				ENABLE_NS_ASSERTIONS = NO;
				ENABLE_STRICT_OBJC_MSGSEND = YES;
				GCC_C_LANGUAGE_STANDARD = gnu11;
				GCC_NO_COMMON_BLOCKS = YES;
				GCC_WARN_64_TO_32_BIT_CONVERSION = YES;
				GCC_WARN_ABOUT_RETURN_TYPE = YES_ERROR;
				GCC_WARN_UNDECLARED_SELECTOR = YES;
				GCC_WARN_UNINITIALIZED_AUTOS = YES_AGGRESSIVE;
				GCC_WARN_UNUSED_FUNCTION = YES;
				GCC_WARN_UNUSED_VARIABLE = YES;
				IPHONEOS_DEPLOYMENT_TARGET = 15.4;
				MTL_ENABLE_DEBUG_INFO = NO;
				MTL_FAST_MATH = YES;
				SDKROOT = iphoneos;
				SWIFT_COMPILATION_MODE = wholemodule;
				SWIFT_OPTIMIZATION_LEVEL = "-O";
				VALIDATE_PRODUCT = YES;
			};
			name = Release;
		};
		3CF9C6ED27F863A300A81AE8 /* Debug */ = {
			isa = XCBuildConfiguration;
			buildSettings = {
				ASSETCATALOG_COMPILER_APPICON_NAME = AppIcon;
				ASSETCATALOG_COMPILER_GLOBAL_ACCENT_COLOR_NAME = AccentColor;
				CODE_SIGN_STYLE = Automatic;
				CURRENT_PROJECT_VERSION = 1;
				DEVELOPMENT_TEAM = 3AS8LJ5BH7;
				GENERATE_INFOPLIST_FILE = YES;
				INFOPLIST_KEY_UIApplicationSupportsIndirectInputEvents = YES;
				INFOPLIST_KEY_UILaunchStoryboardName = LaunchScreen;
				INFOPLIST_KEY_UIMainStoryboardFile = Main;
				INFOPLIST_KEY_UIStatusBarHidden = YES;
				INFOPLIST_KEY_UISupportedInterfaceOrientations_iPad = "UIInterfaceOrientationPortrait UIInterfaceOrientationPortraitUpsideDown UIInterfaceOrientationLandscapeLeft UIInterfaceOrientationLandscapeRight";
				INFOPLIST_KEY_UISupportedInterfaceOrientations_iPhone = "UIInterfaceOrientationPortrait UIInterfaceOrientationLandscapeLeft UIInterfaceOrientationLandscapeRight";
				IPHONEOS_DEPLOYMENT_TARGET = 15.2;
				LD_RUNPATH_SEARCH_PATHS = (
					"$(inherited)",
					"@executable_path/Frameworks",
				);
				MARKETING_VERSION = 1.0;
				PRODUCT_BUNDLE_IDENTIFIER = nothingyet.Mattble;
				PRODUCT_NAME = "$(TARGET_NAME)";
				SWIFT_EMIT_LOC_STRINGS = YES;
				SWIFT_VERSION = 5.0;
				TARGETED_DEVICE_FAMILY = "1,2";
			};
			name = Debug;
		};
		3CF9C6EE27F863A300A81AE8 /* Release */ = {
			isa = XCBuildConfiguration;
			buildSettings = {
				ASSETCATALOG_COMPILER_APPICON_NAME = AppIcon;
				ASSETCATALOG_COMPILER_GLOBAL_ACCENT_COLOR_NAME = AccentColor;
				CODE_SIGN_STYLE = Automatic;
				CURRENT_PROJECT_VERSION = 1;
				DEVELOPMENT_TEAM = 3AS8LJ5BH7;
				GENERATE_INFOPLIST_FILE = YES;
				INFOPLIST_KEY_UIApplicationSupportsIndirectInputEvents = YES;
				INFOPLIST_KEY_UILaunchStoryboardName = LaunchScreen;
				INFOPLIST_KEY_UIMainStoryboardFile = Main;
				INFOPLIST_KEY_UIStatusBarHidden = YES;
				INFOPLIST_KEY_UISupportedInterfaceOrientations_iPad = "UIInterfaceOrientationPortrait UIInterfaceOrientationPortraitUpsideDown UIInterfaceOrientationLandscapeLeft UIInterfaceOrientationLandscapeRight";
				INFOPLIST_KEY_UISupportedInterfaceOrientations_iPhone = "UIInterfaceOrientationPortrait UIInterfaceOrientationLandscapeLeft UIInterfaceOrientationLandscapeRight";
				IPHONEOS_DEPLOYMENT_TARGET = 15.2;
				LD_RUNPATH_SEARCH_PATHS = (
					"$(inherited)",
					"@executable_path/Frameworks",
				);
				MARKETING_VERSION = 1.0;
				PRODUCT_BUNDLE_IDENTIFIER = nothingyet.Mattble;
				PRODUCT_NAME = "$(TARGET_NAME)";
				SWIFT_EMIT_LOC_STRINGS = YES;
				SWIFT_VERSION = 5.0;
				TARGETED_DEVICE_FAMILY = "1,2";
			};
			name = Release;
		};
/* End XCBuildConfiguration section */

/* Begin XCConfigurationList section */
		3CF9C6D027F863A200A81AE8 /* Build configuration list for PBXProject "Mattble" */ = {
			isa = XCConfigurationList;
			buildConfigurations = (
				3CF9C6EA27F863A300A81AE8 /* Debug */,
				3CF9C6EB27F863A300A81AE8 /* Release */,
			);
			defaultConfigurationIsVisible = 0;
			defaultConfigurationName = Release;
		};
		3CF9C6EC27F863A300A81AE8 /* Build configuration list for PBXNativeTarget "Mattble" */ = {
			isa = XCConfigurationList;
			buildConfigurations = (
				3CF9C6ED27F863A300A81AE8 /* Debug */,
				3CF9C6EE27F863A300A81AE8 /* Release */,
			);
			defaultConfigurationIsVisible = 0;
			defaultConfigurationName = Release;
		};
/* End XCConfigurationList section */
	};
	rootObject = 3CF9C6CD27F863A200A81AE8 /* Project object */;
}
